
Microsoft Visual Studio Solution File, Format Version 12.00
# Visual Studio Version 17
VisualStudioVersion = 17.4.33103.184
MinimumVisualStudioVersion = 10.0.40219.1
Project("{FAE04EC0-301F-11D3-BF4B-00C04F79EFBC}") = "kargo", "kargo\kargo.csproj", "{DEE9142E-91E0-41C9-9C46-B59855311FD4}"
EndProject
Global
	GlobalSection(SolutionConfigurationPlatforms) = preSolution
		Debug|Any CPU = Debug|Any CPU
		Release|Any CPU = Release|Any CPU
	EndGlobalSection
	GlobalSection(ProjectConfigurationPlatforms) = postSolution
		{DEE9142E-91E0-41C9-9C46-B59855311FD4}.Debug|Any CPU.ActiveCfg = Debug|Any CPU
		{DEE9142E-91E0-41C9-9C46-B59855311FD4}.Debug|Any CPU.Build.0 = Debug|Any CPU
		{DEE9142E-91E0-41C9-9C46-B59855311FD4}.Release|Any CPU.ActiveCfg = Release|Any CPU
		{DEE9142E-91E0-41C9-9C46-B59855311FD4}.Release|Any CPU.Build.0 = Release|Any CPU
	EndGlobalSection
	GlobalSection(SolutionProperties) = preSolution
		HideSolutionNode = FALSE
	EndGlobalSection
	GlobalSection(ExtensibilityGlobals) = postSolution
		SolutionGuid = {27AE6663-3951-4760-A3E4-CB36046D5268}
	EndGlobalSection
EndGlobal
